
Microsoft Visual Studio Solution File, Format Version 12.00
# Visual Studio Version 17
VisualStudioVersion = 17.3.32929.385
MinimumVisualStudioVersion = 10.0.40219.1
Project("{FAE04EC0-301F-11D3-BF4B-00C04F79EFBC}") = "APP nhân viên", "APP KHACH CHUAN\APP nhân viên.csproj", "{75A84E1D-F870-454B-80B5-BA7012F4E474}"
EndProject
Global
	GlobalSection(SolutionConfigurationPlatforms) = preSolution
		Debug|Any CPU = Debug|Any CPU
		Release|Any CPU = Release|Any CPU
	EndGlobalSection
	GlobalSection(ProjectConfigurationPlatforms) = postSolution
		{75A84E1D-F870-454B-80B5-BA7012F4E474}.Debug|Any CPU.ActiveCfg = Debug|Any CPU
		{75A84E1D-F870-454B-80B5-BA7012F4E474}.Debug|Any CPU.Build.0 = Debug|Any CPU
		{75A84E1D-F870-454B-80B5-BA7012F4E474}.Release|Any CPU.ActiveCfg = Release|Any CPU
		{75A84E1D-F870-454B-80B5-BA7012F4E474}.Release|Any CPU.Build.0 = Release|Any CPU
	EndGlobalSection
	GlobalSection(SolutionProperties) = preSolution
		HideSolutionNode = FALSE
	EndGlobalSection
	GlobalSection(ExtensibilityGlobals) = postSolution
		SolutionGuid = {4308E6DF-637C-4781-AB2D-01B41CE8EA69}
	EndGlobalSection
EndGlobal
